
Microsoft Visual Studio Solution File, Format Version 12.00
# Visual Studio Version 16
VisualStudioVersion = 16.0.28729.10
MinimumVisualStudioVersion = 10.0.40219.1
Project("{FAE04EC0-301F-11D3-BF4B-00C04F79EFBC}") = "hacker21", "hacker21\hacker21.csproj", "{B10B1FB7-6E11-4026-8DD4-CB7D3BBFDB81}"
EndProject
Global
	GlobalSection(SolutionConfigurationPlatforms) = preSolution
		Debug|Any CPU = Debug|Any CPU
		Release|Any CPU = Release|Any CPU
	EndGlobalSection
	GlobalSection(ProjectConfigurationPlatforms) = postSolution
		{B10B1FB7-6E11-4026-8DD4-CB7D3BBFDB81}.Debug|Any CPU.ActiveCfg = Debug|Any CPU
		{B10B1FB7-6E11-4026-8DD4-CB7D3BBFDB81}.Debug|Any CPU.Build.0 = Debug|Any CPU
		{B10B1FB7-6E11-4026-8DD4-CB7D3BBFDB81}.Release|Any CPU.ActiveCfg = Release|Any CPU
		{B10B1FB7-6E11-4026-8DD4-CB7D3BBFDB81}.Release|Any CPU.Build.0 = Release|Any CPU
	EndGlobalSection
	GlobalSection(SolutionProperties) = preSolution
		HideSolutionNode = FALSE
	EndGlobalSection
EndGlobal
